
Microsoft Visual Studio Solution File, Format Version 12.00
# Visual Studio Version 17
VisualStudioVersion = 17.6.33712.159
MinimumVisualStudioVersion = 10.0.40219.1
Project("{8BC9CEB8-8B4A-11D0-8D11-00A0C91BC942}") = "Project1020", "Project1020\Project1020.vcxproj", "{EDD79660-D7F6-4747-9D87-63D6530434C0}"
EndProject
Global
	GlobalSection(SolutionConfigurationPlatforms) = preSolution
		Debug|x64 = Debug|x64
		Debug|x86 = Debug|x86
		Release|x64 = Release|x64
		Release|x86 = Release|x86
	EndGlobalSection
	GlobalSection(ProjectConfigurationPlatforms) = postSolution
		{EDD79660-D7F6-4747-9D87-63D6530434C0}.Debug|x64.ActiveCfg = Debug|x64
		{EDD79660-D7F6-4747-9D87-63D6530434C0}.Debug|x64.Build.0 = Debug|x64
		{EDD79660-D7F6-4747-9D87-63D6530434C0}.Debug|x86.ActiveCfg = Debug|Win32
		{EDD79660-D7F6-4747-9D87-63D6530434C0}.Debug|x86.Build.0 = Debug|Win32
		{EDD79660-D7F6-4747-9D87-63D6530434C0}.Release|x64.ActiveCfg = Release|x64
		{EDD79660-D7F6-4747-9D87-63D6530434C0}.Release|x64.Build.0 = Release|x64
		{EDD79660-D7F6-4747-9D87-63D6530434C0}.Release|x86.ActiveCfg = Release|Win32
		{EDD79660-D7F6-4747-9D87-63D6530434C0}.Release|x86.Build.0 = Release|Win32
	EndGlobalSection
	GlobalSection(SolutionProperties) = preSolution
		HideSolutionNode = FALSE
	EndGlobalSection
	GlobalSection(ExtensibilityGlobals) = postSolution
		SolutionGuid = {6B8B7DBB-5643-4310-B8D2-3AE0B640EF4B}
	EndGlobalSection
EndGlobal
