
Microsoft Visual Studio Solution File, Format Version 12.00
# Visual Studio Version 17
VisualStudioVersion = 17.6.33712.159
MinimumVisualStudioVersion = 10.0.40219.1
Project("{8BC9CEB8-8B4A-11D0-8D11-00A0C91BC942}") = "Project1023", "Project1023\Project1023.vcxproj", "{F69EFF66-178E-401E-836E-A05041A3955B}"
EndProject
Global
	GlobalSection(SolutionConfigurationPlatforms) = preSolution
		Debug|x64 = Debug|x64
		Debug|x86 = Debug|x86
		Release|x64 = Release|x64
		Release|x86 = Release|x86
	EndGlobalSection
	GlobalSection(ProjectConfigurationPlatforms) = postSolution
		{F69EFF66-178E-401E-836E-A05041A3955B}.Debug|x64.ActiveCfg = Debug|x64
		{F69EFF66-178E-401E-836E-A05041A3955B}.Debug|x64.Build.0 = Debug|x64
		{F69EFF66-178E-401E-836E-A05041A3955B}.Debug|x86.ActiveCfg = Debug|Win32
		{F69EFF66-178E-401E-836E-A05041A3955B}.Debug|x86.Build.0 = Debug|Win32
		{F69EFF66-178E-401E-836E-A05041A3955B}.Release|x64.ActiveCfg = Release|x64
		{F69EFF66-178E-401E-836E-A05041A3955B}.Release|x64.Build.0 = Release|x64
		{F69EFF66-178E-401E-836E-A05041A3955B}.Release|x86.ActiveCfg = Release|Win32
		{F69EFF66-178E-401E-836E-A05041A3955B}.Release|x86.Build.0 = Release|Win32
	EndGlobalSection
	GlobalSection(SolutionProperties) = preSolution
		HideSolutionNode = FALSE
	EndGlobalSection
	GlobalSection(ExtensibilityGlobals) = postSolution
		SolutionGuid = {79ED09EF-83E8-4384-8115-1D3C3F981F31}
	EndGlobalSection
EndGlobal
