
Microsoft Visual Studio Solution File, Format Version 12.00
# Visual Studio Version 17
VisualStudioVersion = 17.6.33712.159
MinimumVisualStudioVersion = 10.0.40219.1
Project("{8BC9CEB8-8B4A-11D0-8D11-00A0C91BC942}") = "Project0816", "Project0816\Project0816.vcxproj", "{6075BD89-3230-4755-A30E-65DC18AD409F}"
EndProject
Global
	GlobalSection(SolutionConfigurationPlatforms) = preSolution
		Debug|x64 = Debug|x64
		Debug|x86 = Debug|x86
		Release|x64 = Release|x64
		Release|x86 = Release|x86
	EndGlobalSection
	GlobalSection(ProjectConfigurationPlatforms) = postSolution
		{6075BD89-3230-4755-A30E-65DC18AD409F}.Debug|x64.ActiveCfg = Debug|x64
		{6075BD89-3230-4755-A30E-65DC18AD409F}.Debug|x64.Build.0 = Debug|x64
		{6075BD89-3230-4755-A30E-65DC18AD409F}.Debug|x86.ActiveCfg = Debug|Win32
		{6075BD89-3230-4755-A30E-65DC18AD409F}.Debug|x86.Build.0 = Debug|Win32
		{6075BD89-3230-4755-A30E-65DC18AD409F}.Release|x64.ActiveCfg = Release|x64
		{6075BD89-3230-4755-A30E-65DC18AD409F}.Release|x64.Build.0 = Release|x64
		{6075BD89-3230-4755-A30E-65DC18AD409F}.Release|x86.ActiveCfg = Release|Win32
		{6075BD89-3230-4755-A30E-65DC18AD409F}.Release|x86.Build.0 = Release|Win32
	EndGlobalSection
	GlobalSection(SolutionProperties) = preSolution
		HideSolutionNode = FALSE
	EndGlobalSection
	GlobalSection(ExtensibilityGlobals) = postSolution
		SolutionGuid = {552617F4-37E1-4C71-A3F4-F8E4B14FDCF5}
	EndGlobalSection
EndGlobal
