
Microsoft Visual Studio Solution File, Format Version 12.00
# Visual Studio Version 17
VisualStudioVersion = 17.6.33712.159
MinimumVisualStudioVersion = 10.0.40219.1
Project("{8BC9CEB8-8B4A-11D0-8D11-00A0C91BC942}") = "Project1022", "Project1022\Project1022.vcxproj", "{73DE9E89-D1A7-4428-B380-42224EA3A995}"
EndProject
Global
	GlobalSection(SolutionConfigurationPlatforms) = preSolution
		Debug|x64 = Debug|x64
		Debug|x86 = Debug|x86
		Release|x64 = Release|x64
		Release|x86 = Release|x86
	EndGlobalSection
	GlobalSection(ProjectConfigurationPlatforms) = postSolution
		{73DE9E89-D1A7-4428-B380-42224EA3A995}.Debug|x64.ActiveCfg = Debug|x64
		{73DE9E89-D1A7-4428-B380-42224EA3A995}.Debug|x64.Build.0 = Debug|x64
		{73DE9E89-D1A7-4428-B380-42224EA3A995}.Debug|x86.ActiveCfg = Debug|Win32
		{73DE9E89-D1A7-4428-B380-42224EA3A995}.Debug|x86.Build.0 = Debug|Win32
		{73DE9E89-D1A7-4428-B380-42224EA3A995}.Release|x64.ActiveCfg = Release|x64
		{73DE9E89-D1A7-4428-B380-42224EA3A995}.Release|x64.Build.0 = Release|x64
		{73DE9E89-D1A7-4428-B380-42224EA3A995}.Release|x86.ActiveCfg = Release|Win32
		{73DE9E89-D1A7-4428-B380-42224EA3A995}.Release|x86.Build.0 = Release|Win32
	EndGlobalSection
	GlobalSection(SolutionProperties) = preSolution
		HideSolutionNode = FALSE
	EndGlobalSection
	GlobalSection(ExtensibilityGlobals) = postSolution
		SolutionGuid = {34320262-8CE1-44E8-8C7A-A55D4D3777DA}
	EndGlobalSection
EndGlobal
