
Microsoft Visual Studio Solution File, Format Version 12.00
# Visual Studio Version 17
VisualStudioVersion = 17.6.33712.159
MinimumVisualStudioVersion = 10.0.40219.1
Project("{8BC9CEB8-8B4A-11D0-8D11-00A0C91BC942}") = "Project0817", "Project0817\Project0817.vcxproj", "{0C34BFF8-7E1D-4E5C-9322-303178E7E64F}"
EndProject
Global
	GlobalSection(SolutionConfigurationPlatforms) = preSolution
		Debug|x64 = Debug|x64
		Debug|x86 = Debug|x86
		Release|x64 = Release|x64
		Release|x86 = Release|x86
	EndGlobalSection
	GlobalSection(ProjectConfigurationPlatforms) = postSolution
		{0C34BFF8-7E1D-4E5C-9322-303178E7E64F}.Debug|x64.ActiveCfg = Debug|x64
		{0C34BFF8-7E1D-4E5C-9322-303178E7E64F}.Debug|x64.Build.0 = Debug|x64
		{0C34BFF8-7E1D-4E5C-9322-303178E7E64F}.Debug|x86.ActiveCfg = Debug|Win32
		{0C34BFF8-7E1D-4E5C-9322-303178E7E64F}.Debug|x86.Build.0 = Debug|Win32
		{0C34BFF8-7E1D-4E5C-9322-303178E7E64F}.Release|x64.ActiveCfg = Release|x64
		{0C34BFF8-7E1D-4E5C-9322-303178E7E64F}.Release|x64.Build.0 = Release|x64
		{0C34BFF8-7E1D-4E5C-9322-303178E7E64F}.Release|x86.ActiveCfg = Release|Win32
		{0C34BFF8-7E1D-4E5C-9322-303178E7E64F}.Release|x86.Build.0 = Release|Win32
	EndGlobalSection
	GlobalSection(SolutionProperties) = preSolution
		HideSolutionNode = FALSE
	EndGlobalSection
	GlobalSection(ExtensibilityGlobals) = postSolution
		SolutionGuid = {8697486F-97C4-4AF0-A2DC-2135F6C8634D}
	EndGlobalSection
EndGlobal
